
Microsoft Visual Studio Solution File, Format Version 12.00
# Visual Studio Version 17
VisualStudioVersion = 17.7.34221.43
MinimumVisualStudioVersion = 10.0.40219.1
Project("{FAE04EC0-301F-11D3-BF4B-00C04F79EFBC}") = "MovieManagement.API", "MovieManagement.API\MovieManagement.API.csproj", "{A0D7FE81-C1F9-48F0-ACC5-79E7056A0486}"
EndProject
Project("{FAE04EC0-301F-11D3-BF4B-00C04F79EFBC}") = "MovieManagement.Domain", "MovieManagement.Domain\MovieManagement.Domain.csproj", "{6255D187-4F7D-42B9-9F30-FB5B9A4D10C6}"
EndProject
Project("{FAE04EC0-301F-11D3-BF4B-00C04F79EFBC}") = "MovieManagement.DataAccess", "MovieManagement.DataAccess\MovieManagement.DataAccess.csproj", "{3BDF1B6E-9276-4C45-AA5F-BD04EF4E42F3}"
EndProject
Global
	GlobalSection(SolutionConfigurationPlatforms) = preSolution
		Debug|Any CPU = Debug|Any CPU
		Release|Any CPU = Release|Any CPU
	EndGlobalSection
	GlobalSection(ProjectConfigurationPlatforms) = postSolution
		{A0D7FE81-C1F9-48F0-ACC5-79E7056A0486}.Debug|Any CPU.ActiveCfg = Debug|Any CPU
		{A0D7FE81-C1F9-48F0-ACC5-79E7056A0486}.Debug|Any CPU.Build.0 = Debug|Any CPU
		{A0D7FE81-C1F9-48F0-ACC5-79E7056A0486}.Release|Any CPU.ActiveCfg = Release|Any CPU
		{A0D7FE81-C1F9-48F0-ACC5-79E7056A0486}.Release|Any CPU.Build.0 = Release|Any CPU
		{6255D187-4F7D-42B9-9F30-FB5B9A4D10C6}.Debug|Any CPU.ActiveCfg = Debug|Any CPU
		{6255D187-4F7D-42B9-9F30-FB5B9A4D10C6}.Debug|Any CPU.Build.0 = Debug|Any CPU
		{6255D187-4F7D-42B9-9F30-FB5B9A4D10C6}.Release|Any CPU.ActiveCfg = Release|Any CPU
		{6255D187-4F7D-42B9-9F30-FB5B9A4D10C6}.Release|Any CPU.Build.0 = Release|Any CPU
		{3BDF1B6E-9276-4C45-AA5F-BD04EF4E42F3}.Debug|Any CPU.ActiveCfg = Debug|Any CPU
		{3BDF1B6E-9276-4C45-AA5F-BD04EF4E42F3}.Debug|Any CPU.Build.0 = Debug|Any CPU
		{3BDF1B6E-9276-4C45-AA5F-BD04EF4E42F3}.Release|Any CPU.ActiveCfg = Release|Any CPU
		{3BDF1B6E-9276-4C45-AA5F-BD04EF4E42F3}.Release|Any CPU.Build.0 = Release|Any CPU
	EndGlobalSection
	GlobalSection(SolutionProperties) = preSolution
		HideSolutionNode = FALSE
	EndGlobalSection
	GlobalSection(ExtensibilityGlobals) = postSolution
		SolutionGuid = {A44C6BA9-FBC6-4277-B300-3AAC30715846}
	EndGlobalSection
EndGlobal
